// !$*UTF8*$!
{
	archiveVersion = 1;
	classes = {
	};
	objectVersion = 50;
	objects = {

/* Begin PBXBuildFile section */
		2E0AA952238662D400D10413 /* Extensions.swift in Sources */ = {isa = PBXBuildFile; fileRef = 2E0AA951238662D400D10413 /* Extensions.swift */; };
		2E0BB0C4239E45700070234B /* MenuBar.swift in Sources */ = {isa = PBXBuildFile; fileRef = 2E0BB0C3239E45700070234B /* MenuBar.swift */; };
		2E0BB0C6239E48AA0070234B /* BaseCell.swift in Sources */ = {isa = PBXBuildFile; fileRef = 2E0BB0C5239E48AA0070234B /* BaseCell.swift */; };
		2E0BB0C8239E49620070234B /* MenuCell.swift in Sources */ = {isa = PBXBuildFile; fileRef = 2E0BB0C7239E49620070234B /* MenuCell.swift */; };
		2E425A8223962DED003B04B2 /* SnapKit.framework in Frameworks */ = {isa = PBXBuildFile; fileRef = 2E425A8123962DED003B04B2 /* SnapKit.framework */; };
		2E425A85239640DD003B04B2 /* VideoCell.swift in Sources */ = {isa = PBXBuildFile; fileRef = 2E425A84239640DD003B04B2 /* VideoCell.swift */; };
		2EA58B5E239F72FA00A13C69 /* Video.swift in Sources */ = {isa = PBXBuildFile; fileRef = 2EA58B5D239F72FA00A13C69 /* Video.swift */; };
		2EA58B60239F7A4C00A13C69 /* Channel.swift in Sources */ = {isa = PBXBuildFile; fileRef = 2EA58B5F239F7A4C00A13C69 /* Channel.swift */; };
		2EE58208237696AB00AE8E98 /* AppDelegate.swift in Sources */ = {isa = PBXBuildFile; fileRef = 2EE58207237696AB00AE8E98 /* AppDelegate.swift */; };
		2EE5820A237696AB00AE8E98 /* HomeViewController.swift in Sources */ = {isa = PBXBuildFile; fileRef = 2EE58209237696AB00AE8E98 /* HomeViewController.swift */; };
		2EE5820F237696AE00AE8E98 /* Assets.xcassets in Resources */ = {isa = PBXBuildFile; fileRef = 2EE5820E237696AE00AE8E98 /* Assets.xcassets */; };
		2EE58212237696AE00AE8E98 /* LaunchScreen.storyboard in Resources */ = {isa = PBXBuildFile; fileRef = 2EE58210237696AE00AE8E98 /* LaunchScreen.storyboard */; };
/* End PBXBuildFile section */

/* Begin PBXFileReference section */
		2E0AA951238662D400D10413 /* Extensions.swift */ = {isa = PBXFileReference; lastKnownFileType = sourcecode.swift; path = Extensions.swift; sourceTree = "<group>"; };
		2E0BB0C3239E45700070234B /* MenuBar.swift */ = {isa = PBXFileReference; lastKnownFileType = sourcecode.swift; path = MenuBar.swift; sourceTree = "<group>"; };
		2E0BB0C5239E48AA0070234B /* BaseCell.swift */ = {isa = PBXFileReference; lastKnownFileType = sourcecode.swift; path = BaseCell.swift; sourceTree = "<group>"; };
		2E0BB0C7239E49620070234B /* MenuCell.swift */ = {isa = PBXFileReference; lastKnownFileType = sourcecode.swift; path = MenuCell.swift; sourceTree = "<group>"; };
		2E425A8123962DED003B04B2 /* SnapKit.framework */ = {isa = PBXFileReference; lastKnownFileType = wrapper.framework; name = SnapKit.framework; path = Carthage/Build/iOS/SnapKit.framework; sourceTree = "<group>"; };
		2E425A84239640DD003B04B2 /* VideoCell.swift */ = {isa = PBXFileReference; lastKnownFileType = sourcecode.swift; path = VideoCell.swift; sourceTree = "<group>"; };
		2EA58B5D239F72FA00A13C69 /* Video.swift */ = {isa = PBXFileReference; lastKnownFileType = sourcecode.swift; path = Video.swift; sourceTree = "<group>"; };
		2EA58B5F239F7A4C00A13C69 /* Channel.swift */ = {isa = PBXFileReference; lastKnownFileType = sourcecode.swift; path = Channel.swift; sourceTree = "<group>"; };
		2EE58204237696AB00AE8E98 /* Temp.app */ = {isa = PBXFileReference; explicitFileType = wrapper.application; includeInIndex = 0; path = Temp.app; sourceTree = BUILT_PRODUCTS_DIR; };
		2EE58207237696AB00AE8E98 /* AppDelegate.swift */ = {isa = PBXFileReference; lastKnownFileType = sourcecode.swift; path = AppDelegate.swift; sourceTree = "<group>"; };
		2EE58209237696AB00AE8E98 /* HomeViewController.swift */ = {isa = PBXFileReference; lastKnownFileType = sourcecode.swift; path = HomeViewController.swift; sourceTree = "<group>"; };
		2EE5820E237696AE00AE8E98 /* Assets.xcassets */ = {isa = PBXFileReference; lastKnownFileType = folder.assetcatalog; path = Assets.xcassets; sourceTree = "<group>"; };
		2EE58211237696AE00AE8E98 /* Base */ = {isa = PBXFileReference; lastKnownFileType = file.storyboard; name = Base; path = Base.lproj/LaunchScreen.storyboard; sourceTree = "<group>"; };
		2EE58213237696AE00AE8E98 /* Info.plist */ = {isa = PBXFileReference; lastKnownFileType = text.plist.xml; path = Info.plist; sourceTree = "<group>"; };
/* End PBXFileReference section */

/* Begin PBXFrameworksBuildPhase section */
		2EE58201237696AB00AE8E98 /* Frameworks */ = {
			isa = PBXFrameworksBuildPhase;
			buildActionMask = 2147483647;
			files = (
				2E425A8223962DED003B04B2 /* SnapKit.framework in Frameworks */,
			);
			runOnlyForDeploymentPostprocessing = 0;
		};
/* End PBXFrameworksBuildPhase section */

/* Begin PBXGroup section */
		2E0AA9502386616500D10413 /* Extensions */ = {
			isa = PBXGroup;
			children = (
				2E0AA953238662F100D10413 /* UIkit */,
				2E0AA951238662D400D10413 /* Extensions.swift */,
			);
			path = Extensions;
			sourceTree = "<group>";
		};
		2E0AA953238662F100D10413 /* UIkit */ = {
			isa = PBXGroup;
			children = (
			);
			path = UIkit;
			sourceTree = "<group>";
		};
		2E0CC10E2384376E00C6EF57 /* Home */ = {
			isa = PBXGroup;
			children = (
				2EE58209237696AB00AE8E98 /* HomeViewController.swift */,
			);
			path = Home;
			sourceTree = "<group>";
		};
		2E11D05C23811F37006C07DF /* Screens */ = {
			isa = PBXGroup;
			children = (
				2EA58B5C239F72EE00A13C69 /* Model */,
				2E0CC10E2384376E00C6EF57 /* Home */,
				2E425A83239640B9003B04B2 /* View */,
			);
			path = Screens;
			sourceTree = "<group>";
		};
		2E425A83239640B9003B04B2 /* View */ = {
			isa = PBXGroup;
			children = (
				2E425A84239640DD003B04B2 /* VideoCell.swift */,
				2E0BB0C3239E45700070234B /* MenuBar.swift */,
				2E0BB0C7239E49620070234B /* MenuCell.swift */,
				2E0BB0C5239E48AA0070234B /* BaseCell.swift */,
			);
			path = View;
			sourceTree = "<group>";
		};
		2EA58B5C239F72EE00A13C69 /* Model */ = {
			isa = PBXGroup;
			children = (
				2EA58B5D239F72FA00A13C69 /* Video.swift */,
				2EA58B5F239F7A4C00A13C69 /* Channel.swift */,
			);
			path = Model;
			sourceTree = "<group>";
		};
		2EE581FB237696AB00AE8E98 = {
			isa = PBXGroup;
			children = (
				2EE58206237696AB00AE8E98 /* Temp */,
				2EE58205237696AB00AE8E98 /* Products */,
				2EE5821A237697BA00AE8E98 /* Frameworks */,
			);
			sourceTree = "<group>";
		};
		2EE58205237696AB00AE8E98 /* Products */ = {
			isa = PBXGroup;
			children = (
				2EE58204237696AB00AE8E98 /* Temp.app */,
			);
			name = Products;
			sourceTree = "<group>";
		};
		2EE58206237696AB00AE8E98 /* Temp */ = {
			isa = PBXGroup;
			children = (
				2EF44219238906B90087B44E /* Service */,
				2EE58207237696AB00AE8E98 /* AppDelegate.swift */,
				2E0AA9502386616500D10413 /* Extensions */,
				2E11D05C23811F37006C07DF /* Screens */,
				2EE5820E237696AE00AE8E98 /* Assets.xcassets */,
				2EE58210237696AE00AE8E98 /* LaunchScreen.storyboard */,
				2EE58213237696AE00AE8E98 /* Info.plist */,
			);
			path = Temp;
			sourceTree = "<group>";
		};
		2EE5821A237697BA00AE8E98 /* Frameworks */ = {
			isa = PBXGroup;
			children = (
				2E425A8123962DED003B04B2 /* SnapKit.framework */,
			);
			name = Frameworks;
			sourceTree = "<group>";
		};
		2EF44219238906B90087B44E /* Service */ = {
			isa = PBXGroup;
			children = (
			);
			path = Service;
			sourceTree = "<group>";
		};
/* End PBXGroup section */

/* Begin PBXNativeTarget section */
		2EE58203237696AB00AE8E98 /* Temp */ = {
			isa = PBXNativeTarget;
			buildConfigurationList = 2EE58216237696AE00AE8E98 /* Build configuration list for PBXNativeTarget "Temp" */;
			buildPhases = (
				2EE58200237696AB00AE8E98 /* Sources */,
				2EE58201237696AB00AE8E98 /* Frameworks */,
				2EE58202237696AB00AE8E98 /* Resources */,
				2EE582192376977600AE8E98 /* ShellScript */,
			);
			buildRules = (
			);
			dependencies = (
			);
			name = Temp;
			productName = Temp;
			productReference = 2EE58204237696AB00AE8E98 /* Temp.app */;
			productType = "com.apple.product-type.application";
		};
/* End PBXNativeTarget section */

/* Begin PBXProject section */
		2EE581FC237696AB00AE8E98 /* Project object */ = {
			isa = PBXProject;
			attributes = {
				LastSwiftUpdateCheck = 1030;
				LastUpgradeCheck = 1030;
				ORGANIZATIONNAME = "Egor Syrtcov";
				TargetAttributes = {
					2EE58203237696AB00AE8E98 = {
						CreatedOnToolsVersion = 10.3;
					};
				};
			};
			buildConfigurationList = 2EE581FF237696AB00AE8E98 /* Build configuration list for PBXProject "Temp" */;
			compatibilityVersion = "Xcode 9.3";
			developmentRegion = en;
			hasScannedForEncodings = 0;
			knownRegions = (
				en,
				Base,
			);
			mainGroup = 2EE581FB237696AB00AE8E98;
			productRefGroup = 2EE58205237696AB00AE8E98 /* Products */;
			projectDirPath = "";
			projectRoot = "";
			targets = (
				2EE58203237696AB00AE8E98 /* Temp */,
			);
		};
/* End PBXProject section */

/* Begin PBXResourcesBuildPhase section */
		2EE58202237696AB00AE8E98 /* Resources */ = {
			isa = PBXResourcesBuildPhase;
			buildActionMask = 2147483647;
			files = (
				2EE58212237696AE00AE8E98 /* LaunchScreen.storyboard in Resources */,
				2EE5820F237696AE00AE8E98 /* Assets.xcassets in Resources */,
			);
			runOnlyForDeploymentPostprocessing = 0;
		};
/* End PBXResourcesBuildPhase section */

/* Begin PBXShellScriptBuildPhase section */
		2EE582192376977600AE8E98 /* ShellScript */ = {
			isa = PBXShellScriptBuildPhase;
			buildActionMask = 2147483647;
			files = (
			);
			inputFileListPaths = (
			);
			inputPaths = (
				"$(SRCROOT)/Carthage/Build/iOS/SnapKit.framework/",
			);
			outputFileListPaths = (
			);
			outputPaths = (
			);
			runOnlyForDeploymentPostprocessing = 0;
			shellPath = /bin/sh;
			shellScript = "/usr/local/bin/carthage copy-frameworks\n";
		};
/* End PBXShellScriptBuildPhase section */

/* Begin PBXSourcesBuildPhase section */
		2EE58200237696AB00AE8E98 /* Sources */ = {
			isa = PBXSourcesBuildPhase;
			buildActionMask = 2147483647;
			files = (
				2E0BB0C8239E49620070234B /* MenuCell.swift in Sources */,
				2EE5820A237696AB00AE8E98 /* HomeViewController.swift in Sources */,
				2E425A85239640DD003B04B2 /* VideoCell.swift in Sources */,
				2E0BB0C6239E48AA0070234B /* BaseCell.swift in Sources */,
				2E0AA952238662D400D10413 /* Extensions.swift in Sources */,
				2EA58B5E239F72FA00A13C69 /* Video.swift in Sources */,
				2EE58208237696AB00AE8E98 /* AppDelegate.swift in Sources */,
				2EA58B60239F7A4C00A13C69 /* Channel.swift in Sources */,
				2E0BB0C4239E45700070234B /* MenuBar.swift in Sources */,
			);
			runOnlyForDeploymentPostprocessing = 0;
		};
/* End PBXSourcesBuildPhase section */

/* Begin PBXVariantGroup section */
		2EE58210237696AE00AE8E98 /* LaunchScreen.storyboard */ = {
			isa = PBXVariantGroup;
			children = (
				2EE58211237696AE00AE8E98 /* Base */,
			);
			name = LaunchScreen.storyboard;
			sourceTree = "<group>";
		};
/* End PBXVariantGroup section */

/* Begin XCBuildConfiguration section */
		2EE58214237696AE00AE8E98 /* Debug */ = {
			isa = XCBuildConfiguration;
			buildSettings = {
				ALWAYS_SEARCH_USER_PATHS = NO;
				CLANG_ANALYZER_NONNULL = YES;
				CLANG_ANALYZER_NUMBER_OBJECT_CONVERSION = YES_AGGRESSIVE;
				CLANG_CXX_LANGUAGE_STANDARD = "gnu++14";
				CLANG_CXX_LIBRARY = "libc++";
				CLANG_ENABLE_MODULES = YES;
				CLANG_ENABLE_OBJC_ARC = YES;
				CLANG_ENABLE_OBJC_WEAK = YES;
				CLANG_WARN_BLOCK_CAPTURE_AUTORELEASING = YES;
				CLANG_WARN_BOOL_CONVERSION = YES;
				CLANG_WARN_COMMA = YES;
				CLANG_WARN_CONSTANT_CONVERSION = YES;
				CLANG_WARN_DEPRECATED_OBJC_IMPLEMENTATIONS = YES;
				CLANG_WARN_DIRECT_OBJC_ISA_USAGE = YES_ERROR;
				CLANG_WARN_DOCUMENTATION_COMMENTS = YES;
				CLANG_WARN_EMPTY_BODY = YES;
				CLANG_WARN_ENUM_CONVERSION = YES;
				CLANG_WARN_INFINITE_RECURSION = YES;
				CLANG_WARN_INT_CONVERSION = YES;
				CLANG_WARN_NON_LITERAL_NULL_CONVERSION = YES;
				CLANG_WARN_OBJC_IMPLICIT_RETAIN_SELF = YES;
				CLANG_WARN_OBJC_LITERAL_CONVERSION = YES;
				CLANG_WARN_OBJC_ROOT_CLASS = YES_ERROR;
				CLANG_WARN_RANGE_LOOP_ANALYSIS = YES;
				CLANG_WARN_STRICT_PROTOTYPES = YES;
				CLANG_WARN_SUSPICIOUS_MOVE = YES;
				CLANG_WARN_UNGUARDED_AVAILABILITY = YES_AGGRESSIVE;
				CLANG_WARN_UNREACHABLE_CODE = YES;
				CLANG_WARN__DUPLICATE_METHOD_MATCH = YES;
				CODE_SIGN_IDENTITY = "iPhone Developer";
				COPY_PHASE_STRIP = NO;
				DEBUG_INFORMATION_FORMAT = dwarf;
				ENABLE_STRICT_OBJC_MSGSEND = YES;
				ENABLE_TESTABILITY = YES;
				GCC_C_LANGUAGE_STANDARD = gnu11;
				GCC_DYNAMIC_NO_PIC = NO;
				GCC_NO_COMMON_BLOCKS = YES;
				GCC_OPTIMIZATION_LEVEL = 0;
				GCC_PREPROCESSOR_DEFINITIONS = (
					"DEBUG=1",
					"$(inherited)",
				);
				GCC_WARN_64_TO_32_BIT_CONVERSION = YES;
				GCC_WARN_ABOUT_RETURN_TYPE = YES_ERROR;
				GCC_WARN_UNDECLARED_SELECTOR = YES;
				GCC_WARN_UNINITIALIZED_AUTOS = YES_AGGRESSIVE;
				GCC_WARN_UNUSED_FUNCTION = YES;
				GCC_WARN_UNUSED_VARIABLE = YES;
				IPHONEOS_DEPLOYMENT_TARGET = 12.4;
				MTL_ENABLE_DEBUG_INFO = INCLUDE_SOURCE;
				MTL_FAST_MATH = YES;
				ONLY_ACTIVE_ARCH = YES;
				SDKROOT = iphoneos;
				SWIFT_ACTIVE_COMPILATION_CONDITIONS = DEBUG;
				SWIFT_OPTIMIZATION_LEVEL = "-Onone";
			};
			name = Debug;
		};
		2EE58215237696AE00AE8E98 /* Release */ = {
			isa = XCBuildConfiguration;
			buildSettings = {
				ALWAYS_SEARCH_USER_PATHS = NO;
				CLANG_ANALYZER_NONNULL = YES;
				CLANG_ANALYZER_NUMBER_OBJECT_CONVERSION = YES_AGGRESSIVE;
				CLANG_CXX_LANGUAGE_STANDARD = "gnu++14";
				CLANG_CXX_LIBRARY = "libc++";
				CLANG_ENABLE_MODULES = YES;
				CLANG_ENABLE_OBJC_ARC = YES;
				CLANG_ENABLE_OBJC_WEAK = YES;
				CLANG_WARN_BLOCK_CAPTURE_AUTORELEASING = YES;
				CLANG_WARN_BOOL_CONVERSION = YES;
				CLANG_WARN_COMMA = YES;
				CLANG_WARN_CONSTANT_CONVERSION = YES;
				CLANG_WARN_DEPRECATED_OBJC_IMPLEMENTATIONS = YES;
				CLANG_WARN_DIRECT_OBJC_ISA_USAGE = YES_ERROR;
				CLANG_WARN_DOCUMENTATION_COMMENTS = YES;
				CLANG_WARN_EMPTY_BODY = YES;
				CLANG_WARN_ENUM_CONVERSION = YES;
				CLANG_WARN_INFINITE_RECURSION = YES;
				CLANG_WARN_INT_CONVERSION = YES;
				CLANG_WARN_NON_LITERAL_NULL_CONVERSION = YES;
				CLANG_WARN_OBJC_IMPLICIT_RETAIN_SELF = YES;
				CLANG_WARN_OBJC_LITERAL_CONVERSION = YES;
				CLANG_WARN_OBJC_ROOT_CLASS = YES_ERROR;
				CLANG_WARN_RANGE_LOOP_ANALYSIS = YES;
				CLANG_WARN_STRICT_PROTOTYPES = YES;
				CLANG_WARN_SUSPICIOUS_MOVE = YES;
				CLANG_WARN_UNGUARDED_AVAILABILITY = YES_AGGRESSIVE;
				CLANG_WARN_UNREACHABLE_CODE = YES;
				CLANG_WARN__DUPLICATE_METHOD_MATCH = YES;
				CODE_SIGN_IDENTITY = "iPhone Developer";
				COPY_PHASE_STRIP = NO;
				DEBUG_INFORMATION_FORMAT = "dwarf-with-dsym";
				ENABLE_NS_ASSERTIONS = NO;
				ENABLE_STRICT_OBJC_MSGSEND = YES;
				GCC_C_LANGUAGE_STANDARD = gnu11;
				GCC_NO_COMMON_BLOCKS = YES;
				GCC_WARN_64_TO_32_BIT_CONVERSION = YES;
				GCC_WARN_ABOUT_RETURN_TYPE = YES_ERROR;
				GCC_WARN_UNDECLARED_SELECTOR = YES;
				GCC_WARN_UNINITIALIZED_AUTOS = YES_AGGRESSIVE;
				GCC_WARN_UNUSED_FUNCTION = YES;
				GCC_WARN_UNUSED_VARIABLE = YES;
				IPHONEOS_DEPLOYMENT_TARGET = 12.4;
				MTL_ENABLE_DEBUG_INFO = NO;
				MTL_FAST_MATH = YES;
				SDKROOT = iphoneos;
				SWIFT_COMPILATION_MODE = wholemodule;
				SWIFT_OPTIMIZATION_LEVEL = "-O";
				VALIDATE_PRODUCT = YES;
			};
			name = Release;
		};
		2EE58217237696AE00AE8E98 /* Debug */ = {
			isa = XCBuildConfiguration;
			buildSettings = {
				ASSETCATALOG_COMPILER_APPICON_NAME = AppIcon;
				CODE_SIGN_STYLE = Automatic;
				DEVELOPMENT_TEAM = FFYJJ79MSE;
				FRAMEWORK_SEARCH_PATHS = (
					"$(inherited)",
					"$(PROJECT_DIR)/Carthage/Build/iOS",
				);
				INFOPLIST_FILE = Temp/Info.plist;
				IPHONEOS_DEPLOYMENT_TARGET = 12.0;
				LD_RUNPATH_SEARCH_PATHS = (
					"$(inherited)",
					"@executable_path/Frameworks",
				);
				PRODUCT_BUNDLE_IDENTIFIER = "Egor-Syrtcov.Temp";
				PRODUCT_NAME = "$(TARGET_NAME)";
				SWIFT_VERSION = 5.0;
				TARGETED_DEVICE_FAMILY = "1,2";
			};
			name = Debug;
		};
		2EE58218237696AE00AE8E98 /* Release */ = {
			isa = XCBuildConfiguration;
			buildSettings = {
				ASSETCATALOG_COMPILER_APPICON_NAME = AppIcon;
				CODE_SIGN_STYLE = Automatic;
				DEVELOPMENT_TEAM = FFYJJ79MSE;
				FRAMEWORK_SEARCH_PATHS = (
					"$(inherited)",
					"$(PROJECT_DIR)/Carthage/Build/iOS",
				);
				INFOPLIST_FILE = Temp/Info.plist;
				IPHONEOS_DEPLOYMENT_TARGET = 12.0;
				LD_RUNPATH_SEARCH_PATHS = (
					"$(inherited)",
					"@executable_path/Frameworks",
				);
				PRODUCT_BUNDLE_IDENTIFIER = "Egor-Syrtcov.Temp";
				PRODUCT_NAME = "$(TARGET_NAME)";
				SWIFT_VERSION = 5.0;
				TARGETED_DEVICE_FAMILY = "1,2";
			};
			name = Release;
		};
/* End XCBuildConfiguration section */

/* Begin XCConfigurationList section */
		2EE581FF237696AB00AE8E98 /* Build configuration list for PBXProject "Temp" */ = {
			isa = XCConfigurationList;
			buildConfigurations = (
				2EE58214237696AE00AE8E98 /* Debug */,
				2EE58215237696AE00AE8E98 /* Release */,
			);
			defaultConfigurationIsVisible = 0;
			defaultConfigurationName = Release;
		};
		2EE58216237696AE00AE8E98 /* Build configuration list for PBXNativeTarget "Temp" */ = {
			isa = XCConfigurationList;
			buildConfigurations = (
				2EE58217237696AE00AE8E98 /* Debug */,
				2EE58218237696AE00AE8E98 /* Release */,
			);
			defaultConfigurationIsVisible = 0;
			defaultConfigurationName = Release;
		};
/* End XCConfigurationList section */
	};
	rootObject = 2EE581FC237696AB00AE8E98 /* Project object */;
}
